
Microsoft Visual Studio Solution File, Format Version 12.00
# Visual Studio Version 17
VisualStudioVersion = 17.0.31903.59
MinimumVisualStudioVersion = 10.0.40219.1
Project("{2150E333-8FDC-42A3-9474-1A3956D46DE8}") = "src", "src", "{AF92AEE9-0722-47AD-BB67-18B9F2D6C66B}"
EndProject
Project("{9A19103F-16F7-4668-BE54-9A1E7A4F7556}") = "MediaMetricsPro.Api", "src\MediaMetricsPro.Api\MediaMetricsPro.Api.csproj", "{20F61277-39EC-42E9-82C3-4E308EF8AB89}"
EndProject
Project("{2150E333-8FDC-42A3-9474-1A3956D46DE8}") = "Solution items", "Solution items", "{9AD47DE1-B6C9-4651-A782-D9336D9B9F06}"
	ProjectSection(SolutionItems) = preProject
		.editorconfig = .editorconfig
		Directory.Build.props = Directory.Build.props
		README.md = README.md
		.sonarlint\mediametricspro\CSharp\SonarLint.xml = .sonarlint\mediametricspro\CSharp\SonarLint.xml
	EndProjectSection
EndProject
Project("{2150E333-8FDC-42A3-9474-1A3956D46DE8}") = "Presentation", "Presentation", "{E0C2A46C-8EE4-45A9-9C81-07059659B9DA}"
EndProject
Project("{2150E333-8FDC-42A3-9474-1A3956D46DE8}") = "Application", "Application", "{0D19DFC4-6996-4C1D-AA76-CD5D11BC325F}"
EndProject
Project("{2150E333-8FDC-42A3-9474-1A3956D46DE8}") = "Domain", "Domain", "{D72E03E2-B95C-4051-8A5F-222818F4A03E}"
EndProject
Project("{9A19103F-16F7-4668-BE54-9A1E7A4F7556}") = "MediaMetricsPro.Domain", "src\MediaMetricsPro.Domain\MediaMetricsPro.Domain.csproj", "{8BA12473-289B-4BE7-96ED-1FBAE738A509}"
EndProject
Project("{9A19103F-16F7-4668-BE54-9A1E7A4F7556}") = "MediaMetricsPro.Application.DataContract", "src\MediaMetricsPro.Application.DataContract\MediaMetricsPro.Application.DataContract.csproj", "{9C8A5A06-57EE-4AD9-BF49-A80129BBF699}"
EndProject
Project("{2150E333-8FDC-42A3-9474-1A3956D46DE8}") = "tst", "tst", "{F266684C-E9C5-4883-BECB-BDE8D2DF1E36}"
EndProject
Project("{FAE04EC0-301F-11D3-BF4B-00C04F79EFBC}") = "MediaMetricsPro.UnitTest", "tst\MediaMetricsPro.UnitTest\MediaMetricsPro.UnitTest.csproj", "{AB735167-A865-43C0-8E8C-30B5C245BE62}"
EndProject
Global
	GlobalSection(SolutionConfigurationPlatforms) = preSolution
		Debug|Any CPU = Debug|Any CPU
		Release|Any CPU = Release|Any CPU
	EndGlobalSection
	GlobalSection(ProjectConfigurationPlatforms) = postSolution
		{20F61277-39EC-42E9-82C3-4E308EF8AB89}.Debug|Any CPU.ActiveCfg = Debug|Any CPU
		{20F61277-39EC-42E9-82C3-4E308EF8AB89}.Debug|Any CPU.Build.0 = Debug|Any CPU
		{20F61277-39EC-42E9-82C3-4E308EF8AB89}.Release|Any CPU.ActiveCfg = Release|Any CPU
		{20F61277-39EC-42E9-82C3-4E308EF8AB89}.Release|Any CPU.Build.0 = Release|Any CPU
		{8BA12473-289B-4BE7-96ED-1FBAE738A509}.Debug|Any CPU.ActiveCfg = Debug|Any CPU
		{8BA12473-289B-4BE7-96ED-1FBAE738A509}.Debug|Any CPU.Build.0 = Debug|Any CPU
		{8BA12473-289B-4BE7-96ED-1FBAE738A509}.Release|Any CPU.ActiveCfg = Release|Any CPU
		{8BA12473-289B-4BE7-96ED-1FBAE738A509}.Release|Any CPU.Build.0 = Release|Any CPU
		{9C8A5A06-57EE-4AD9-BF49-A80129BBF699}.Debug|Any CPU.ActiveCfg = Debug|Any CPU
		{9C8A5A06-57EE-4AD9-BF49-A80129BBF699}.Debug|Any CPU.Build.0 = Debug|Any CPU
		{9C8A5A06-57EE-4AD9-BF49-A80129BBF699}.Release|Any CPU.ActiveCfg = Release|Any CPU
		{9C8A5A06-57EE-4AD9-BF49-A80129BBF699}.Release|Any CPU.Build.0 = Release|Any CPU
		{AB735167-A865-43C0-8E8C-30B5C245BE62}.Debug|Any CPU.ActiveCfg = Debug|Any CPU
		{AB735167-A865-43C0-8E8C-30B5C245BE62}.Debug|Any CPU.Build.0 = Debug|Any CPU
		{AB735167-A865-43C0-8E8C-30B5C245BE62}.Release|Any CPU.ActiveCfg = Release|Any CPU
		{AB735167-A865-43C0-8E8C-30B5C245BE62}.Release|Any CPU.Build.0 = Release|Any CPU
	EndGlobalSection
	GlobalSection(SolutionProperties) = preSolution
		HideSolutionNode = FALSE
	EndGlobalSection
	GlobalSection(NestedProjects) = preSolution
		{20F61277-39EC-42E9-82C3-4E308EF8AB89} = {E0C2A46C-8EE4-45A9-9C81-07059659B9DA}
		{E0C2A46C-8EE4-45A9-9C81-07059659B9DA} = {AF92AEE9-0722-47AD-BB67-18B9F2D6C66B}
		{0D19DFC4-6996-4C1D-AA76-CD5D11BC325F} = {AF92AEE9-0722-47AD-BB67-18B9F2D6C66B}
		{D72E03E2-B95C-4051-8A5F-222818F4A03E} = {AF92AEE9-0722-47AD-BB67-18B9F2D6C66B}
		{8BA12473-289B-4BE7-96ED-1FBAE738A509} = {D72E03E2-B95C-4051-8A5F-222818F4A03E}
		{9C8A5A06-57EE-4AD9-BF49-A80129BBF699} = {0D19DFC4-6996-4C1D-AA76-CD5D11BC325F}
		{AB735167-A865-43C0-8E8C-30B5C245BE62} = {F266684C-E9C5-4883-BECB-BDE8D2DF1E36}
	EndGlobalSection
	GlobalSection(ExtensibilityGlobals) = postSolution
		SolutionGuid = {5977D438-435A-4709-9456-D6FAF9514FED}
	EndGlobalSection
EndGlobal
