
Microsoft Visual Studio Solution File, Format Version 12.00
# Visual Studio Version 17
VisualStudioVersion = 17.0.31903.59
MinimumVisualStudioVersion = 10.0.40219.1
Project("{2150E333-8FDC-42A3-9474-1A3956D46DE8}") = "src", "src", "{AF92AEE9-0722-47AD-BB67-18B9F2D6C66B}"
EndProject
Project("{9A19103F-16F7-4668-BE54-9A1E7A4F7556}") = "MediaMetricsPro.Api", "src\MediaMetricsPro.Api\MediaMetricsPro.Api.csproj", "{20F61277-39EC-42E9-82C3-4E308EF8AB89}"
EndProject
Project("{2150E333-8FDC-42A3-9474-1A3956D46DE8}") = "Solution items", "Solution items", "{9AD47DE1-B6C9-4651-A782-D9336D9B9F06}"
	ProjectSection(SolutionItems) = preProject
		.editorconfig = .editorconfig
		Directory.Build.props = Directory.Build.props
		README.md = README.md
	EndProjectSection
EndProject
Global
	GlobalSection(SolutionConfigurationPlatforms) = preSolution
		Debug|Any CPU = Debug|Any CPU
		Release|Any CPU = Release|Any CPU
	EndGlobalSection
	GlobalSection(ProjectConfigurationPlatforms) = postSolution
		{20F61277-39EC-42E9-82C3-4E308EF8AB89}.Debug|Any CPU.ActiveCfg = Debug|Any CPU
		{20F61277-39EC-42E9-82C3-4E308EF8AB89}.Debug|Any CPU.Build.0 = Debug|Any CPU
		{20F61277-39EC-42E9-82C3-4E308EF8AB89}.Release|Any CPU.ActiveCfg = Release|Any CPU
		{20F61277-39EC-42E9-82C3-4E308EF8AB89}.Release|Any CPU.Build.0 = Release|Any CPU
	EndGlobalSection
	GlobalSection(SolutionProperties) = preSolution
		HideSolutionNode = FALSE
	EndGlobalSection
	GlobalSection(NestedProjects) = preSolution
		{20F61277-39EC-42E9-82C3-4E308EF8AB89} = {AF92AEE9-0722-47AD-BB67-18B9F2D6C66B}
	EndGlobalSection
EndGlobal
