
Microsoft Visual Studio Solution File, Format Version 12.00
# Visual Studio Version 17
VisualStudioVersion = 17.0.31903.59
MinimumVisualStudioVersion = 10.0.40219.1
Project("{2150E333-8FDC-42A3-9474-1A3956D46DE8}") = "Solutions Items", "Solutions Items", "{7609A6D9-102C-40A7-BCDA-9F9A842F4ADC}"
	ProjectSection(SolutionItems) = preProject
		.editorconfig = .editorconfig
		Directory.Build.props = Directory.Build.props
		README.md = README.md
	EndProjectSection
EndProject
Project("{2150E333-8FDC-42A3-9474-1A3956D46DE8}") = ".sonarlint", ".sonarlint", "{626A6427-088B-436C-92AF-ABDB7C9B23DD}"
	ProjectSection(SolutionItems) = preProject
		.sonarlint\MediaMetricsPro.slconfig = .sonarlint\MediaMetricsPro.slconfig
		.sonarlint\mediametricsprocsharp.ruleset = .sonarlint\mediametricsprocsharp.ruleset
		.sonarlint\mediametricsprocsharp.ruleset.xml = .sonarlint\mediametricsprocsharp.ruleset.xml
		.sonarlint\mediametricspro_secrets_settings.json = .sonarlint\mediametricspro_secrets_settings.json
		.sonarlint\sonar.settings.json = .sonarlint\sonar.settings.json
	EndProjectSection
EndProject
Project("{2150E333-8FDC-42A3-9474-1A3956D46DE8}") = ".github", ".github", "{718E4BD0-85B0-409B-A366-92B05E27F668}"
	ProjectSection(SolutionItems) = preProject
		.github\commit.md = .github\commit.md
		.github\pull_request_template.md = .github\pull_request_template.md
	EndProjectSection
EndProject
Global
	GlobalSection(SolutionConfigurationPlatforms) = preSolution
		Debug|Any CPU = Debug|Any CPU
		Release|Any CPU = Release|Any CPU
	EndGlobalSection
	GlobalSection(SolutionProperties) = preSolution
		HideSolutionNode = FALSE
	EndGlobalSection
	GlobalSection(ExtensibilityGlobals) = postSolution
		SolutionGuid = {A35B3FF8-8E9C-4DD0-A079-2FA5EBE917BA}
	EndGlobalSection
EndGlobal
